// !$*UTF8*$!
{
	archiveVersion = 1;
	classes = {
	};
	objectVersion = 46;
	objects = {

/* Begin PBXBuildFile section */
		05879DAE1CF6948E00823F02 /* main.m in Sources */ = {isa = PBXBuildFile; fileRef = 05879DAD1CF6948E00823F02 /* main.m */; };
		05879DB11CF6948E00823F02 /* AppDelegate.m in Sources */ = {isa = PBXBuildFile; fileRef = 05879DB01CF6948E00823F02 /* AppDelegate.m */; };
		05879DB41CF6948E00823F02 /* ViewController.m in Sources */ = {isa = PBXBuildFile; fileRef = 05879DB31CF6948E00823F02 /* ViewController.m */; };
		05879DB91CF6948E00823F02 /* Assets.xcassets in Resources */ = {isa = PBXBuildFile; fileRef = 05879DB81CF6948E00823F02 /* Assets.xcassets */; };
		05879DC71CF6948E00823F02 /* TestXibTests.m in Sources */ = {isa = PBXBuildFile; fileRef = 05879DC61CF6948E00823F02 /* TestXibTests.m */; };
		05879DD21CF6948E00823F02 /* TestXibUITests.m in Sources */ = {isa = PBXBuildFile; fileRef = 05879DD11CF6948E00823F02 /* TestXibUITests.m */; };
		05879DE21CF69AFC00823F02 /* MyViewController.m in Sources */ = {isa = PBXBuildFile; fileRef = 05879DE01CF69AFC00823F02 /* MyViewController.m */; };
		05879DE31CF69AFC00823F02 /* MyViewController.xib in Resources */ = {isa = PBXBuildFile; fileRef = 05879DE11CF69AFC00823F02 /* MyViewController.xib */; };
		05879DE51CF69FA900823F02 /* Green.xib in Resources */ = {isa = PBXBuildFile; fileRef = 05879DE41CF69FA900823F02 /* Green.xib */; };
		05879DE71CF6A19C00823F02 /* ABC.xib in Resources */ = {isa = PBXBuildFile; fileRef = 05879DE61CF6A19C00823F02 /* ABC.xib */; };
		058D46411CF8031E002CAC82 /* TestVC.m in Sources */ = {isa = PBXBuildFile; fileRef = 058D463F1CF8031E002CAC82 /* TestVC.m */; };
		058D46421CF8031E002CAC82 /* TestVC.xib in Resources */ = {isa = PBXBuildFile; fileRef = 058D46401CF8031E002CAC82 /* TestVC.xib */; };
		05E347D11CF6EA63002276D3 /* a.jpg in Resources */ = {isa = PBXBuildFile; fileRef = 05E347CE1CF6EA63002276D3 /* a.jpg */; };
		05E347D21CF6EA63002276D3 /* c.jpeg in Resources */ = {isa = PBXBuildFile; fileRef = 05E347CF1CF6EA63002276D3 /* c.jpeg */; };
		05E347D31CF6EA63002276D3 /* b.jpeg in Resources */ = {isa = PBXBuildFile; fileRef = 05E347D01CF6EA63002276D3 /* b.jpeg */; };
		05E347D71CF6EE50002276D3 /* ViewController1.m in Sources */ = {isa = PBXBuildFile; fileRef = 05E347D51CF6EE50002276D3 /* ViewController1.m */; };
		05E347D81CF6EE50002276D3 /* ViewController1.xib in Resources */ = {isa = PBXBuildFile; fileRef = 05E347D61CF6EE50002276D3 /* ViewController1.xib */; };
		05E347DC1CF6EE62002276D3 /* ViewController2.m in Sources */ = {isa = PBXBuildFile; fileRef = 05E347DA1CF6EE62002276D3 /* ViewController2.m */; };
		05E347DD1CF6EE62002276D3 /* ViewController2.xib in Resources */ = {isa = PBXBuildFile; fileRef = 05E347DB1CF6EE62002276D3 /* ViewController2.xib */; };
		05E347E11CF6EE71002276D3 /* ViewController3.m in Sources */ = {isa = PBXBuildFile; fileRef = 05E347DF1CF6EE71002276D3 /* ViewController3.m */; };
		05E347E21CF6EE71002276D3 /* ViewController3.xib in Resources */ = {isa = PBXBuildFile; fileRef = 05E347E01CF6EE71002276D3 /* ViewController3.xib */; };
		05E347E41CF6F512002276D3 /* MyTabBar.xib in Resources */ = {isa = PBXBuildFile; fileRef = 05E347E31CF6F512002276D3 /* MyTabBar.xib */; };
/* End PBXBuildFile section */

/* Begin PBXContainerItemProxy section */
		05879DC31CF6948E00823F02 /* PBXContainerItemProxy */ = {
			isa = PBXContainerItemProxy;
			containerPortal = 05879DA11CF6948E00823F02 /* Project object */;
			proxyType = 1;
			remoteGlobalIDString = 05879DA81CF6948E00823F02;
			remoteInfo = TestXib;
		};
		05879DCE1CF6948E00823F02 /* PBXContainerItemProxy */ = {
			isa = PBXContainerItemProxy;
			containerPortal = 05879DA11CF6948E00823F02 /* Project object */;
			proxyType = 1;
			remoteGlobalIDString = 05879DA81CF6948E00823F02;
			remoteInfo = TestXib;
		};
/* End PBXContainerItemProxy section */

/* Begin PBXFileReference section */
		05879DA91CF6948E00823F02 /* TestXib.app */ = {isa = PBXFileReference; explicitFileType = wrapper.application; includeInIndex = 0; path = TestXib.app; sourceTree = BUILT_PRODUCTS_DIR; };
		05879DAD1CF6948E00823F02 /* main.m */ = {isa = PBXFileReference; lastKnownFileType = sourcecode.c.objc; path = main.m; sourceTree = "<group>"; };
		05879DAF1CF6948E00823F02 /* AppDelegate.h */ = {isa = PBXFileReference; lastKnownFileType = sourcecode.c.h; path = AppDelegate.h; sourceTree = "<group>"; };
		05879DB01CF6948E00823F02 /* AppDelegate.m */ = {isa = PBXFileReference; lastKnownFileType = sourcecode.c.objc; path = AppDelegate.m; sourceTree = "<group>"; };
		05879DB21CF6948E00823F02 /* ViewController.h */ = {isa = PBXFileReference; lastKnownFileType = sourcecode.c.h; path = ViewController.h; sourceTree = "<group>"; };
		05879DB31CF6948E00823F02 /* ViewController.m */ = {isa = PBXFileReference; lastKnownFileType = sourcecode.c.objc; path = ViewController.m; sourceTree = "<group>"; };
		05879DB81CF6948E00823F02 /* Assets.xcassets */ = {isa = PBXFileReference; lastKnownFileType = folder.assetcatalog; path = Assets.xcassets; sourceTree = "<group>"; };
		05879DBD1CF6948E00823F02 /* Info.plist */ = {isa = PBXFileReference; lastKnownFileType = text.plist.xml; path = Info.plist; sourceTree = "<group>"; };
		05879DC21CF6948E00823F02 /* TestXibTests.xctest */ = {isa = PBXFileReference; explicitFileType = wrapper.cfbundle; includeInIndex = 0; path = TestXibTests.xctest; sourceTree = BUILT_PRODUCTS_DIR; };
		05879DC61CF6948E00823F02 /* TestXibTests.m */ = {isa = PBXFileReference; lastKnownFileType = sourcecode.c.objc; path = TestXibTests.m; sourceTree = "<group>"; };
		05879DC81CF6948E00823F02 /* Info.plist */ = {isa = PBXFileReference; lastKnownFileType = text.plist.xml; path = Info.plist; sourceTree = "<group>"; };
		05879DCD1CF6948E00823F02 /* TestXibUITests.xctest */ = {isa = PBXFileReference; explicitFileType = wrapper.cfbundle; includeInIndex = 0; path = TestXibUITests.xctest; sourceTree = BUILT_PRODUCTS_DIR; };
		05879DD11CF6948E00823F02 /* TestXibUITests.m */ = {isa = PBXFileReference; lastKnownFileType = sourcecode.c.objc; path = TestXibUITests.m; sourceTree = "<group>"; };
		05879DD31CF6948E00823F02 /* Info.plist */ = {isa = PBXFileReference; lastKnownFileType = text.plist.xml; path = Info.plist; sourceTree = "<group>"; };
		05879DDF1CF69AFC00823F02 /* MyViewController.h */ = {isa = PBXFileReference; fileEncoding = 4; lastKnownFileType = sourcecode.c.h; name = MyViewController.h; path = ../MyViewController.h; sourceTree = "<group>"; };
		05879DE01CF69AFC00823F02 /* MyViewController.m */ = {isa = PBXFileReference; fileEncoding = 4; lastKnownFileType = sourcecode.c.objc; name = MyViewController.m; path = ../MyViewController.m; sourceTree = "<group>"; };
		05879DE11CF69AFC00823F02 /* MyViewController.xib */ = {isa = PBXFileReference; fileEncoding = 4; lastKnownFileType = file.xib; name = MyViewController.xib; path = ../MyViewController.xib; sourceTree = "<group>"; };
		05879DE41CF69FA900823F02 /* Green.xib */ = {isa = PBXFileReference; fileEncoding = 4; lastKnownFileType = file.xib; path = Green.xib; sourceTree = "<group>"; };
		05879DE61CF6A19C00823F02 /* ABC.xib */ = {isa = PBXFileReference; fileEncoding = 4; lastKnownFileType = file.xib; path = ABC.xib; sourceTree = "<group>"; };
		058D463E1CF8031E002CAC82 /* TestVC.h */ = {isa = PBXFileReference; fileEncoding = 4; lastKnownFileType = sourcecode.c.h; path = TestVC.h; sourceTree = "<group>"; };
		058D463F1CF8031E002CAC82 /* TestVC.m */ = {isa = PBXFileReference; fileEncoding = 4; lastKnownFileType = sourcecode.c.objc; path = TestVC.m; sourceTree = "<group>"; };
		058D46401CF8031E002CAC82 /* TestVC.xib */ = {isa = PBXFileReference; fileEncoding = 4; lastKnownFileType = file.xib; path = TestVC.xib; sourceTree = "<group>"; };
		05E347CE1CF6EA63002276D3 /* a.jpg */ = {isa = PBXFileReference; lastKnownFileType = image.jpeg; path = a.jpg; sourceTree = "<group>"; };
		05E347CF1CF6EA63002276D3 /* c.jpeg */ = {isa = PBXFileReference; lastKnownFileType = image.jpeg; path = c.jpeg; sourceTree = "<group>"; };
		05E347D01CF6EA63002276D3 /* b.jpeg */ = {isa = PBXFileReference; lastKnownFileType = image.jpeg; path = b.jpeg; sourceTree = "<group>"; };
		05E347D41CF6EE50002276D3 /* ViewController1.h */ = {isa = PBXFileReference; fileEncoding = 4; lastKnownFileType = sourcecode.c.h; path = ViewController1.h; sourceTree = "<group>"; };
		05E347D51CF6EE50002276D3 /* ViewController1.m */ = {isa = PBXFileReference; fileEncoding = 4; lastKnownFileType = sourcecode.c.objc; path = ViewController1.m; sourceTree = "<group>"; };
		05E347D61CF6EE50002276D3 /* ViewController1.xib */ = {isa = PBXFileReference; fileEncoding = 4; lastKnownFileType = file.xib; path = ViewController1.xib; sourceTree = "<group>"; };
		05E347D91CF6EE62002276D3 /* ViewController2.h */ = {isa = PBXFileReference; fileEncoding = 4; lastKnownFileType = sourcecode.c.h; path = ViewController2.h; sourceTree = "<group>"; };
		05E347DA1CF6EE62002276D3 /* ViewController2.m */ = {isa = PBXFileReference; fileEncoding = 4; lastKnownFileType = sourcecode.c.objc; path = ViewController2.m; sourceTree = "<group>"; };
		05E347DB1CF6EE62002276D3 /* ViewController2.xib */ = {isa = PBXFileReference; fileEncoding = 4; lastKnownFileType = file.xib; path = ViewController2.xib; sourceTree = "<group>"; };
		05E347DE1CF6EE71002276D3 /* ViewController3.h */ = {isa = PBXFileReference; fileEncoding = 4; lastKnownFileType = sourcecode.c.h; path = ViewController3.h; sourceTree = "<group>"; };
		05E347DF1CF6EE71002276D3 /* ViewController3.m */ = {isa = PBXFileReference; fileEncoding = 4; lastKnownFileType = sourcecode.c.objc; path = ViewController3.m; sourceTree = "<group>"; };
		05E347E01CF6EE71002276D3 /* ViewController3.xib */ = {isa = PBXFileReference; fileEncoding = 4; lastKnownFileType = file.xib; path = ViewController3.xib; sourceTree = "<group>"; };
		05E347E31CF6F512002276D3 /* MyTabBar.xib */ = {isa = PBXFileReference; fileEncoding = 4; lastKnownFileType = file.xib; path = MyTabBar.xib; sourceTree = "<group>"; };
/* End PBXFileReference section */

/* Begin PBXFrameworksBuildPhase section */
		05879DA61CF6948E00823F02 /* Frameworks */ = {
			isa = PBXFrameworksBuildPhase;
			buildActionMask = 2147483647;
			files = (
			);
			runOnlyForDeploymentPostprocessing = 0;
		};
		05879DBF1CF6948E00823F02 /* Frameworks */ = {
			isa = PBXFrameworksBuildPhase;
			buildActionMask = 2147483647;
			files = (
			);
			runOnlyForDeploymentPostprocessing = 0;
		};
		05879DCA1CF6948E00823F02 /* Frameworks */ = {
			isa = PBXFrameworksBuildPhase;
			buildActionMask = 2147483647;
			files = (
			);
			runOnlyForDeploymentPostprocessing = 0;
		};
/* End PBXFrameworksBuildPhase section */

/* Begin PBXGroup section */
		05879DA01CF6948E00823F02 = {
			isa = PBXGroup;
			children = (
				05879DAB1CF6948E00823F02 /* TestXib */,
				05879DC51CF6948E00823F02 /* TestXibTests */,
				05879DD01CF6948E00823F02 /* TestXibUITests */,
				05879DAA1CF6948E00823F02 /* Products */,
			);
			sourceTree = "<group>";
		};
		05879DAA1CF6948E00823F02 /* Products */ = {
			isa = PBXGroup;
			children = (
				05879DA91CF6948E00823F02 /* TestXib.app */,
				05879DC21CF6948E00823F02 /* TestXibTests.xctest */,
				05879DCD1CF6948E00823F02 /* TestXibUITests.xctest */,
			);
			name = Products;
			sourceTree = "<group>";
		};
		05879DAB1CF6948E00823F02 /* TestXib */ = {
			isa = PBXGroup;
			children = (
				05879DAF1CF6948E00823F02 /* AppDelegate.h */,
				05879DB01CF6948E00823F02 /* AppDelegate.m */,
				05879DDF1CF69AFC00823F02 /* MyViewController.h */,
				05879DE01CF69AFC00823F02 /* MyViewController.m */,
				05879DE11CF69AFC00823F02 /* MyViewController.xib */,
				058D463E1CF8031E002CAC82 /* TestVC.h */,
				058D463F1CF8031E002CAC82 /* TestVC.m */,
				058D46401CF8031E002CAC82 /* TestVC.xib */,
				05E347CD1CF6E97F002276D3 /* tabbarController */,
				05879DE41CF69FA900823F02 /* Green.xib */,
				05879DE61CF6A19C00823F02 /* ABC.xib */,
				05879DB21CF6948E00823F02 /* ViewController.h */,
				05879DB31CF6948E00823F02 /* ViewController.m */,
				05E347CE1CF6EA63002276D3 /* a.jpg */,
				05E347CF1CF6EA63002276D3 /* c.jpeg */,
				05E347D01CF6EA63002276D3 /* b.jpeg */,
				05879DB81CF6948E00823F02 /* Assets.xcassets */,
				05879DBD1CF6948E00823F02 /* Info.plist */,
				05879DAC1CF6948E00823F02 /* Supporting Files */,
			);
			path = TestXib;
			sourceTree = "<group>";
		};
		05879DAC1CF6948E00823F02 /* Supporting Files */ = {
			isa = PBXGroup;
			children = (
				05879DAD1CF6948E00823F02 /* main.m */,
			);
			name = "Supporting Files";
			sourceTree = "<group>";
		};
		05879DC51CF6948E00823F02 /* TestXibTests */ = {
			isa = PBXGroup;
			children = (
				05879DC61CF6948E00823F02 /* TestXibTests.m */,
				05879DC81CF6948E00823F02 /* Info.plist */,
			);
			path = TestXibTests;
			sourceTree = "<group>";
		};
		05879DD01CF6948E00823F02 /* TestXibUITests */ = {
			isa = PBXGroup;
			children = (
				05879DD11CF6948E00823F02 /* TestXibUITests.m */,
				05879DD31CF6948E00823F02 /* Info.plist */,
			);
			path = TestXibUITests;
			sourceTree = "<group>";
		};
		05E347CD1CF6E97F002276D3 /* tabbarController */ = {
			isa = PBXGroup;
			children = (
				05E347D41CF6EE50002276D3 /* ViewController1.h */,
				05E347D51CF6EE50002276D3 /* ViewController1.m */,
				05E347D61CF6EE50002276D3 /* ViewController1.xib */,
				05E347D91CF6EE62002276D3 /* ViewController2.h */,
				05E347DA1CF6EE62002276D3 /* ViewController2.m */,
				05E347DB1CF6EE62002276D3 /* ViewController2.xib */,
				05E347DE1CF6EE71002276D3 /* ViewController3.h */,
				05E347DF1CF6EE71002276D3 /* ViewController3.m */,
				05E347E01CF6EE71002276D3 /* ViewController3.xib */,
				05E347E31CF6F512002276D3 /* MyTabBar.xib */,
			);
			name = tabbarController;
			sourceTree = "<group>";
		};
/* End PBXGroup section */

/* Begin PBXNativeTarget section */
		05879DA81CF6948E00823F02 /* TestXib */ = {
			isa = PBXNativeTarget;
			buildConfigurationList = 05879DD61CF6948E00823F02 /* Build configuration list for PBXNativeTarget "TestXib" */;
			buildPhases = (
				05879DA51CF6948E00823F02 /* Sources */,
				05879DA61CF6948E00823F02 /* Frameworks */,
				05879DA71CF6948E00823F02 /* Resources */,
			);
			buildRules = (
			);
			dependencies = (
			);
			name = TestXib;
			productName = TestXib;
			productReference = 05879DA91CF6948E00823F02 /* TestXib.app */;
			productType = "com.apple.product-type.application";
		};
		05879DC11CF6948E00823F02 /* TestXibTests */ = {
			isa = PBXNativeTarget;
			buildConfigurationList = 05879DD91CF6948E00823F02 /* Build configuration list for PBXNativeTarget "TestXibTests" */;
			buildPhases = (
				05879DBE1CF6948E00823F02 /* Sources */,
				05879DBF1CF6948E00823F02 /* Frameworks */,
				05879DC01CF6948E00823F02 /* Resources */,
			);
			buildRules = (
			);
			dependencies = (
				05879DC41CF6948E00823F02 /* PBXTargetDependency */,
			);
			name = TestXibTests;
			productName = TestXibTests;
			productReference = 05879DC21CF6948E00823F02 /* TestXibTests.xctest */;
			productType = "com.apple.product-type.bundle.unit-test";
		};
		05879DCC1CF6948E00823F02 /* TestXibUITests */ = {
			isa = PBXNativeTarget;
			buildConfigurationList = 05879DDC1CF6948E00823F02 /* Build configuration list for PBXNativeTarget "TestXibUITests" */;
			buildPhases = (
				05879DC91CF6948E00823F02 /* Sources */,
				05879DCA1CF6948E00823F02 /* Frameworks */,
				05879DCB1CF6948E00823F02 /* Resources */,
			);
			buildRules = (
			);
			dependencies = (
				05879DCF1CF6948E00823F02 /* PBXTargetDependency */,
			);
			name = TestXibUITests;
			productName = TestXibUITests;
			productReference = 05879DCD1CF6948E00823F02 /* TestXibUITests.xctest */;
			productType = "com.apple.product-type.bundle.ui-testing";
		};
/* End PBXNativeTarget section */

/* Begin PBXProject section */
		05879DA11CF6948E00823F02 /* Project object */ = {
			isa = PBXProject;
			attributes = {
				LastUpgradeCheck = 0730;
				ORGANIZATIONNAME = dean;
				TargetAttributes = {
					05879DA81CF6948E00823F02 = {
						CreatedOnToolsVersion = 7.3.1;
						DevelopmentTeam = 738ATZ4AVU;
					};
					05879DC11CF6948E00823F02 = {
						CreatedOnToolsVersion = 7.3.1;
						TestTargetID = 05879DA81CF6948E00823F02;
					};
					05879DCC1CF6948E00823F02 = {
						CreatedOnToolsVersion = 7.3.1;
						TestTargetID = 05879DA81CF6948E00823F02;
					};
				};
			};
			buildConfigurationList = 05879DA41CF6948E00823F02 /* Build configuration list for PBXProject "TestXib" */;
			compatibilityVersion = "Xcode 3.2";
			developmentRegion = English;
			hasScannedForEncodings = 0;
			knownRegions = (
				en,
				Base,
			);
			mainGroup = 05879DA01CF6948E00823F02;
			productRefGroup = 05879DAA1CF6948E00823F02 /* Products */;
			projectDirPath = "";
			projectRoot = "";
			targets = (
				05879DA81CF6948E00823F02 /* TestXib */,
				05879DC11CF6948E00823F02 /* TestXibTests */,
				05879DCC1CF6948E00823F02 /* TestXibUITests */,
			);
		};
/* End PBXProject section */

/* Begin PBXResourcesBuildPhase section */
		05879DA71CF6948E00823F02 /* Resources */ = {
			isa = PBXResourcesBuildPhase;
			buildActionMask = 2147483647;
			files = (
				05879DE31CF69AFC00823F02 /* MyViewController.xib in Resources */,
				05879DE51CF69FA900823F02 /* Green.xib in Resources */,
				05879DE71CF6A19C00823F02 /* ABC.xib in Resources */,
				05E347D81CF6EE50002276D3 /* ViewController1.xib in Resources */,
				05E347D11CF6EA63002276D3 /* a.jpg in Resources */,
				05E347E21CF6EE71002276D3 /* ViewController3.xib in Resources */,
				05E347E41CF6F512002276D3 /* MyTabBar.xib in Resources */,
				05E347DD1CF6EE62002276D3 /* ViewController2.xib in Resources */,
				058D46421CF8031E002CAC82 /* TestVC.xib in Resources */,
				05E347D31CF6EA63002276D3 /* b.jpeg in Resources */,
				05879DB91CF6948E00823F02 /* Assets.xcassets in Resources */,
				05E347D21CF6EA63002276D3 /* c.jpeg in Resources */,
			);
			runOnlyForDeploymentPostprocessing = 0;
		};
		05879DC01CF6948E00823F02 /* Resources */ = {
			isa = PBXResourcesBuildPhase;
			buildActionMask = 2147483647;
			files = (
			);
			runOnlyForDeploymentPostprocessing = 0;
		};
		05879DCB1CF6948E00823F02 /* Resources */ = {
			isa = PBXResourcesBuildPhase;
			buildActionMask = 2147483647;
			files = (
			);
			runOnlyForDeploymentPostprocessing = 0;
		};
/* End PBXResourcesBuildPhase section */

/* Begin PBXSourcesBuildPhase section */
		05879DA51CF6948E00823F02 /* Sources */ = {
			isa = PBXSourcesBuildPhase;
			buildActionMask = 2147483647;
			files = (
				05E347DC1CF6EE62002276D3 /* ViewController2.m in Sources */,
				05879DB41CF6948E00823F02 /* ViewController.m in Sources */,
				05879DB11CF6948E00823F02 /* AppDelegate.m in Sources */,
				05E347D71CF6EE50002276D3 /* ViewController1.m in Sources */,
				058D46411CF8031E002CAC82 /* TestVC.m in Sources */,
				05879DE21CF69AFC00823F02 /* MyViewController.m in Sources */,
				05E347E11CF6EE71002276D3 /* ViewController3.m in Sources */,
				05879DAE1CF6948E00823F02 /* main.m in Sources */,
			);
			runOnlyForDeploymentPostprocessing = 0;
		};
		05879DBE1CF6948E00823F02 /* Sources */ = {
			isa = PBXSourcesBuildPhase;
			buildActionMask = 2147483647;
			files = (
				05879DC71CF6948E00823F02 /* TestXibTests.m in Sources */,
			);
			runOnlyForDeploymentPostprocessing = 0;
		};
		05879DC91CF6948E00823F02 /* Sources */ = {
			isa = PBXSourcesBuildPhase;
			buildActionMask = 2147483647;
			files = (
				05879DD21CF6948E00823F02 /* TestXibUITests.m in Sources */,
			);
			runOnlyForDeploymentPostprocessing = 0;
		};
/* End PBXSourcesBuildPhase section */

/* Begin PBXTargetDependency section */
		05879DC41CF6948E00823F02 /* PBXTargetDependency */ = {
			isa = PBXTargetDependency;
			target = 05879DA81CF6948E00823F02 /* TestXib */;
			targetProxy = 05879DC31CF6948E00823F02 /* PBXContainerItemProxy */;
		};
		05879DCF1CF6948E00823F02 /* PBXTargetDependency */ = {
			isa = PBXTargetDependency;
			target = 05879DA81CF6948E00823F02 /* TestXib */;
			targetProxy = 05879DCE1CF6948E00823F02 /* PBXContainerItemProxy */;
		};
/* End PBXTargetDependency section */

/* Begin XCBuildConfiguration section */
		05879DD41CF6948E00823F02 /* Debug */ = {
			isa = XCBuildConfiguration;
			buildSettings = {
				ALWAYS_SEARCH_USER_PATHS = NO;
				CLANG_ANALYZER_NONNULL = YES;
				CLANG_CXX_LANGUAGE_STANDARD = "gnu++0x";
				CLANG_CXX_LIBRARY = "libc++";
				CLANG_ENABLE_MODULES = YES;
				CLANG_ENABLE_OBJC_ARC = YES;
				CLANG_WARN_BOOL_CONVERSION = YES;
				CLANG_WARN_CONSTANT_CONVERSION = YES;
				CLANG_WARN_DIRECT_OBJC_ISA_USAGE = YES_ERROR;
				CLANG_WARN_EMPTY_BODY = YES;
				CLANG_WARN_ENUM_CONVERSION = YES;
				CLANG_WARN_INT_CONVERSION = YES;
				CLANG_WARN_OBJC_ROOT_CLASS = YES_ERROR;
				CLANG_WARN_UNREACHABLE_CODE = YES;
				CLANG_WARN__DUPLICATE_METHOD_MATCH = YES;
				"CODE_SIGN_IDENTITY[sdk=iphoneos*]" = "iPhone Developer";
				COPY_PHASE_STRIP = NO;
				DEBUG_INFORMATION_FORMAT = dwarf;
				ENABLE_STRICT_OBJC_MSGSEND = YES;
				ENABLE_TESTABILITY = YES;
				GCC_C_LANGUAGE_STANDARD = gnu99;
				GCC_DYNAMIC_NO_PIC = NO;
				GCC_NO_COMMON_BLOCKS = YES;
				GCC_OPTIMIZATION_LEVEL = 0;
				GCC_PREPROCESSOR_DEFINITIONS = (
					"DEBUG=1",
					"$(inherited)",
				);
				GCC_WARN_64_TO_32_BIT_CONVERSION = YES;
				GCC_WARN_ABOUT_RETURN_TYPE = YES_ERROR;
				GCC_WARN_UNDECLARED_SELECTOR = YES;
				GCC_WARN_UNINITIALIZED_AUTOS = YES_AGGRESSIVE;
				GCC_WARN_UNUSED_FUNCTION = YES;
				GCC_WARN_UNUSED_VARIABLE = YES;
				IPHONEOS_DEPLOYMENT_TARGET = 9.3;
				MTL_ENABLE_DEBUG_INFO = YES;
				ONLY_ACTIVE_ARCH = YES;
				SDKROOT = iphoneos;
				TARGETED_DEVICE_FAMILY = "1,2";
			};
			name = Debug;
		};
		05879DD51CF6948E00823F02 /* Release */ = {
			isa = XCBuildConfiguration;
			buildSettings = {
				ALWAYS_SEARCH_USER_PATHS = NO;
				CLANG_ANALYZER_NONNULL = YES;
				CLANG_CXX_LANGUAGE_STANDARD = "gnu++0x";
				CLANG_CXX_LIBRARY = "libc++";
				CLANG_ENABLE_MODULES = YES;
				CLANG_ENABLE_OBJC_ARC = YES;
				CLANG_WARN_BOOL_CONVERSION = YES;
				CLANG_WARN_CONSTANT_CONVERSION = YES;
				CLANG_WARN_DIRECT_OBJC_ISA_USAGE = YES_ERROR;
				CLANG_WARN_EMPTY_BODY = YES;
				CLANG_WARN_ENUM_CONVERSION = YES;
				CLANG_WARN_INT_CONVERSION = YES;
				CLANG_WARN_OBJC_ROOT_CLASS = YES_ERROR;
				CLANG_WARN_UNREACHABLE_CODE = YES;
				CLANG_WARN__DUPLICATE_METHOD_MATCH = YES;
				"CODE_SIGN_IDENTITY[sdk=iphoneos*]" = "iPhone Developer";
				COPY_PHASE_STRIP = NO;
				DEBUG_INFORMATION_FORMAT = "dwarf-with-dsym";
				ENABLE_NS_ASSERTIONS = NO;
				ENABLE_STRICT_OBJC_MSGSEND = YES;
				GCC_C_LANGUAGE_STANDARD = gnu99;
				GCC_NO_COMMON_BLOCKS = YES;
				GCC_WARN_64_TO_32_BIT_CONVERSION = YES;
				GCC_WARN_ABOUT_RETURN_TYPE = YES_ERROR;
				GCC_WARN_UNDECLARED_SELECTOR = YES;
				GCC_WARN_UNINITIALIZED_AUTOS = YES_AGGRESSIVE;
				GCC_WARN_UNUSED_FUNCTION = YES;
				GCC_WARN_UNUSED_VARIABLE = YES;
				IPHONEOS_DEPLOYMENT_TARGET = 9.3;
				MTL_ENABLE_DEBUG_INFO = NO;
				SDKROOT = iphoneos;
				TARGETED_DEVICE_FAMILY = "1,2";
				VALIDATE_PRODUCT = YES;
			};
			name = Release;
		};
		05879DD71CF6948E00823F02 /* Debug */ = {
			isa = XCBuildConfiguration;
			buildSettings = {
				ASSETCATALOG_COMPILER_APPICON_NAME = AppIcon;
				CODE_SIGN_IDENTITY = "iPhone Developer";
				INFOPLIST_FILE = TestXib/Info.plist;
				IPHONEOS_DEPLOYMENT_TARGET = 8.0;
				LD_RUNPATH_SEARCH_PATHS = "$(inherited) @executable_path/Frameworks";
				PRODUCT_BUNDLE_IDENTIFIER = com.dean.TestXib;
				PRODUCT_NAME = "$(TARGET_NAME)";
			};
			name = Debug;
		};
		05879DD81CF6948E00823F02 /* Release */ = {
			isa = XCBuildConfiguration;
			buildSettings = {
				ASSETCATALOG_COMPILER_APPICON_NAME = AppIcon;
				CODE_SIGN_IDENTITY = "iPhone Developer";
				INFOPLIST_FILE = TestXib/Info.plist;
				IPHONEOS_DEPLOYMENT_TARGET = 8.0;
				LD_RUNPATH_SEARCH_PATHS = "$(inherited) @executable_path/Frameworks";
				PRODUCT_BUNDLE_IDENTIFIER = com.dean.TestXib;
				PRODUCT_NAME = "$(TARGET_NAME)";
			};
			name = Release;
		};
		05879DDA1CF6948E00823F02 /* Debug */ = {
			isa = XCBuildConfiguration;
			buildSettings = {
				BUNDLE_LOADER = "$(TEST_HOST)";
				INFOPLIST_FILE = TestXibTests/Info.plist;
				LD_RUNPATH_SEARCH_PATHS = "$(inherited) @executable_path/Frameworks @loader_path/Frameworks";
				PRODUCT_BUNDLE_IDENTIFIER = com.dean.TestXibTests;
				PRODUCT_NAME = "$(TARGET_NAME)";
				TEST_HOST = "$(BUILT_PRODUCTS_DIR)/TestXib.app/TestXib";
			};
			name = Debug;
		};
		05879DDB1CF6948E00823F02 /* Release */ = {
			isa = XCBuildConfiguration;
			buildSettings = {
				BUNDLE_LOADER = "$(TEST_HOST)";
				INFOPLIST_FILE = TestXibTests/Info.plist;
				LD_RUNPATH_SEARCH_PATHS = "$(inherited) @executable_path/Frameworks @loader_path/Frameworks";
				PRODUCT_BUNDLE_IDENTIFIER = com.dean.TestXibTests;
				PRODUCT_NAME = "$(TARGET_NAME)";
				TEST_HOST = "$(BUILT_PRODUCTS_DIR)/TestXib.app/TestXib";
			};
			name = Release;
		};
		05879DDD1CF6948E00823F02 /* Debug */ = {
			isa = XCBuildConfiguration;
			buildSettings = {
				INFOPLIST_FILE = TestXibUITests/Info.plist;
				LD_RUNPATH_SEARCH_PATHS = "$(inherited) @executable_path/Frameworks @loader_path/Frameworks";
				PRODUCT_BUNDLE_IDENTIFIER = com.dean.TestXibUITests;
				PRODUCT_NAME = "$(TARGET_NAME)";
				TEST_TARGET_NAME = TestXib;
			};
			name = Debug;
		};
		05879DDE1CF6948E00823F02 /* Release */ = {
			isa = XCBuildConfiguration;
			buildSettings = {
				INFOPLIST_FILE = TestXibUITests/Info.plist;
				LD_RUNPATH_SEARCH_PATHS = "$(inherited) @executable_path/Frameworks @loader_path/Frameworks";
				PRODUCT_BUNDLE_IDENTIFIER = com.dean.TestXibUITests;
				PRODUCT_NAME = "$(TARGET_NAME)";
				TEST_TARGET_NAME = TestXib;
			};
			name = Release;
		};
/* End XCBuildConfiguration section */

/* Begin XCConfigurationList section */
		05879DA41CF6948E00823F02 /* Build configuration list for PBXProject "TestXib" */ = {
			isa = XCConfigurationList;
			buildConfigurations = (
				05879DD41CF6948E00823F02 /* Debug */,
				05879DD51CF6948E00823F02 /* Release */,
			);
			defaultConfigurationIsVisible = 0;
			defaultConfigurationName = Release;
		};
		05879DD61CF6948E00823F02 /* Build configuration list for PBXNativeTarget "TestXib" */ = {
			isa = XCConfigurationList;
			buildConfigurations = (
				05879DD71CF6948E00823F02 /* Debug */,
				05879DD81CF6948E00823F02 /* Release */,
			);
			defaultConfigurationIsVisible = 0;
			defaultConfigurationName = Release;
		};
		05879DD91CF6948E00823F02 /* Build configuration list for PBXNativeTarget "TestXibTests" */ = {
			isa = XCConfigurationList;
			buildConfigurations = (
				05879DDA1CF6948E00823F02 /* Debug */,
				05879DDB1CF6948E00823F02 /* Release */,
			);
			defaultConfigurationIsVisible = 0;
			defaultConfigurationName = Release;
		};
		05879DDC1CF6948E00823F02 /* Build configuration list for PBXNativeTarget "TestXibUITests" */ = {
			isa = XCConfigurationList;
			buildConfigurations = (
				05879DDD1CF6948E00823F02 /* Debug */,
				05879DDE1CF6948E00823F02 /* Release */,
			);
			defaultConfigurationIsVisible = 0;
			defaultConfigurationName = Release;
		};
/* End XCConfigurationList section */
	};
	rootObject = 05879DA11CF6948E00823F02 /* Project object */;
}
